
Microsoft Visual Studio Solution File, Format Version 12.00
# Visual Studio Version 17
VisualStudioVersion = 17.14.36109.1 d17.14
MinimumVisualStudioVersion = 10.0.40219.1
Project("{FAE04EC0-301F-11D3-BF4B-00C04F79EFBC}") = "Bugeto_practiec", "Bugeto_practiec\Bugeto_practiec.csproj", "{77A9315B-CD1C-4905-8F2A-05942190DE32}"
EndProject
Global
	GlobalSection(SolutionConfigurationPlatforms) = preSolution
		Debug|Any CPU = Debug|Any CPU
		Release|Any CPU = Release|Any CPU
	EndGlobalSection
	GlobalSection(ProjectConfigurationPlatforms) = postSolution
		{77A9315B-CD1C-4905-8F2A-05942190DE32}.Debug|Any CPU.ActiveCfg = Debug|Any CPU
		{77A9315B-CD1C-4905-8F2A-05942190DE32}.Debug|Any CPU.Build.0 = Debug|Any CPU
		{77A9315B-CD1C-4905-8F2A-05942190DE32}.Release|Any CPU.ActiveCfg = Release|Any CPU
		{77A9315B-CD1C-4905-8F2A-05942190DE32}.Release|Any CPU.Build.0 = Release|Any CPU
	EndGlobalSection
	GlobalSection(SolutionProperties) = preSolution
		HideSolutionNode = FALSE
	EndGlobalSection
	GlobalSection(ExtensibilityGlobals) = postSolution
		SolutionGuid = {50ABF2A7-7553-4677-8D1B-DEE06D85D14B}
	EndGlobalSection
EndGlobal
